
Microsoft Visual Studio Solution File, Format Version 11.00
# Visual Studio 2010
Project("{F5034706-568F-408A-B7B3-4D38C6DB8A32}") = "PowerShell Script Project", "PowerShell Script Project\PowerShell Script Project.pssproj", "{9F8C8F91-E92B-4D34-9A44-2B80F5C48AA7}"
EndProject
Global
	GlobalSection(SolutionConfigurationPlatforms) = preSolution
		Debug|x86 = Debug|x86
		Release|x86 = Release|x86
	EndGlobalSection
	GlobalSection(ProjectConfigurationPlatforms) = postSolution
		{9F8C8F91-E92B-4D34-9A44-2B80F5C48AA7}.Debug|x86.ActiveCfg = Debug|x86
		{9F8C8F91-E92B-4D34-9A44-2B80F5C48AA7}.Debug|x86.Build.0 = Debug|x86
		{9F8C8F91-E92B-4D34-9A44-2B80F5C48AA7}.Release|x86.ActiveCfg = Release|x86
		{9F8C8F91-E92B-4D34-9A44-2B80F5C48AA7}.Release|x86.Build.0 = Release|x86
	EndGlobalSection
	GlobalSection(SolutionProperties) = preSolution
		HideSolutionNode = FALSE
	EndGlobalSection
EndGlobal
